
Microsoft Visual Studio Solution File, Format Version 12.00
# Visual Studio Version 17
VisualStudioVersion = 17.5.33424.131
MinimumVisualStudioVersion = 10.0.40219.1
Project("{FAE04EC0-301F-11D3-BF4B-00C04F79EFBC}") = "web-api", "web-api\web-api.csproj", "{7B94EF04-617F-4347-84A9-D08DF135A122}"
EndProject
Project("{FAE04EC0-301F-11D3-BF4B-00C04F79EFBC}") = "Models", "Models\Models.csproj", "{69C8B12C-4E7B-4732-9EA1-768761DD3EFD}"
EndProject
Project("{FAE04EC0-301F-11D3-BF4B-00C04F79EFBC}") = "Repositories", "Repositories\Repositories.csproj", "{D8ADE18C-4E7C-469E-A301-8DCD78E43A7B}"
EndProject
Project("{FAE04EC0-301F-11D3-BF4B-00C04F79EFBC}") = "Logger", "Logger\Logger.csproj", "{BA692DAE-3734-4655-B045-858366783312}"
EndProject
Global
	GlobalSection(SolutionConfigurationPlatforms) = preSolution
		Debug|Any CPU = Debug|Any CPU
		Release|Any CPU = Release|Any CPU
	EndGlobalSection
	GlobalSection(ProjectConfigurationPlatforms) = postSolution
		{7B94EF04-617F-4347-84A9-D08DF135A122}.Debug|Any CPU.ActiveCfg = Debug|Any CPU
		{7B94EF04-617F-4347-84A9-D08DF135A122}.Debug|Any CPU.Build.0 = Debug|Any CPU
		{7B94EF04-617F-4347-84A9-D08DF135A122}.Release|Any CPU.ActiveCfg = Release|Any CPU
		{7B94EF04-617F-4347-84A9-D08DF135A122}.Release|Any CPU.Build.0 = Release|Any CPU
		{69C8B12C-4E7B-4732-9EA1-768761DD3EFD}.Debug|Any CPU.ActiveCfg = Debug|Any CPU
		{69C8B12C-4E7B-4732-9EA1-768761DD3EFD}.Debug|Any CPU.Build.0 = Debug|Any CPU
		{69C8B12C-4E7B-4732-9EA1-768761DD3EFD}.Release|Any CPU.ActiveCfg = Release|Any CPU
		{69C8B12C-4E7B-4732-9EA1-768761DD3EFD}.Release|Any CPU.Build.0 = Release|Any CPU
		{D8ADE18C-4E7C-469E-A301-8DCD78E43A7B}.Debug|Any CPU.ActiveCfg = Debug|Any CPU
		{D8ADE18C-4E7C-469E-A301-8DCD78E43A7B}.Debug|Any CPU.Build.0 = Debug|Any CPU
		{D8ADE18C-4E7C-469E-A301-8DCD78E43A7B}.Release|Any CPU.ActiveCfg = Release|Any CPU
		{D8ADE18C-4E7C-469E-A301-8DCD78E43A7B}.Release|Any CPU.Build.0 = Release|Any CPU
		{BA692DAE-3734-4655-B045-858366783312}.Debug|Any CPU.ActiveCfg = Debug|Any CPU
		{BA692DAE-3734-4655-B045-858366783312}.Debug|Any CPU.Build.0 = Debug|Any CPU
		{BA692DAE-3734-4655-B045-858366783312}.Release|Any CPU.ActiveCfg = Release|Any CPU
		{BA692DAE-3734-4655-B045-858366783312}.Release|Any CPU.Build.0 = Release|Any CPU
	EndGlobalSection
	GlobalSection(SolutionProperties) = preSolution
		HideSolutionNode = FALSE
	EndGlobalSection
	GlobalSection(ExtensibilityGlobals) = postSolution
		SolutionGuid = {1144A1D0-EB73-4433-B2E2-F60D69D9EDDB}
	EndGlobalSection
EndGlobal
